
Microsoft Visual Studio Solution File, Format Version 10.00
# Visual C++ Express 2008
Project("{8BC9CEB8-8B4A-11D0-8D11-00A0C91BC942}") = "glc32", "build\QuesoGLC.vcproj", "{067D0D15-F943-4049-B629-DC4E26ADB5EC}"
EndProject
Project("{8BC9CEB8-8B4A-11D0-8D11-00A0C91BC942}") = "test1", "tests\test1.vcproj", "{A1A2C05B-B7C8-4BC4-A7A5-CBC6012E459F}"
	ProjectSection(ProjectDependencies) = postProject
		{067D0D15-F943-4049-B629-DC4E26ADB5EC} = {067D0D15-F943-4049-B629-DC4E26ADB5EC}
	EndProjectSection
EndProject
Project("{8BC9CEB8-8B4A-11D0-8D11-00A0C91BC942}") = "test4", "tests\test4.vcproj", "{E638F67A-FBD5-4519-828F-1F881E1BA22D}"
	ProjectSection(ProjectDependencies) = postProject
		{067D0D15-F943-4049-B629-DC4E26ADB5EC} = {067D0D15-F943-4049-B629-DC4E26ADB5EC}
	EndProjectSection
EndProject
Project("{8BC9CEB8-8B4A-11D0-8D11-00A0C91BC942}") = "test5", "tests\test5.vcproj", "{FD4EC8F5-8B3F-42A7-9656-0024BBF616B8}"
	ProjectSection(ProjectDependencies) = postProject
		{067D0D15-F943-4049-B629-DC4E26ADB5EC} = {067D0D15-F943-4049-B629-DC4E26ADB5EC}
	EndProjectSection
EndProject
Project("{8BC9CEB8-8B4A-11D0-8D11-00A0C91BC942}") = "test6", "tests\test6.vcproj", "{5E777AB4-A1E8-40E4-A392-E25D4E13F076}"
	ProjectSection(ProjectDependencies) = postProject
		{067D0D15-F943-4049-B629-DC4E26ADB5EC} = {067D0D15-F943-4049-B629-DC4E26ADB5EC}
	EndProjectSection
EndProject
Project("{8BC9CEB8-8B4A-11D0-8D11-00A0C91BC942}") = "test7", "tests\test7.vcproj", "{DB149600-EACF-4BD3-B733-E44CA9CA1407}"
	ProjectSection(ProjectDependencies) = postProject
		{067D0D15-F943-4049-B629-DC4E26ADB5EC} = {067D0D15-F943-4049-B629-DC4E26ADB5EC}
	EndProjectSection
EndProject
Project("{8BC9CEB8-8B4A-11D0-8D11-00A0C91BC942}") = "testcontex", "tests\testcontex.vcproj", "{8CCB1084-E43C-486F-BE8F-6238D295DC30}"
	ProjectSection(ProjectDependencies) = postProject
		{067D0D15-F943-4049-B629-DC4E26ADB5EC} = {067D0D15-F943-4049-B629-DC4E26ADB5EC}
	EndProjectSection
EndProject
Project("{8BC9CEB8-8B4A-11D0-8D11-00A0C91BC942}") = "testfont", "tests\testfont.vcproj", "{8A26DF46-FDDF-4335-88C2-4FC5FD6C83A2}"
	ProjectSection(ProjectDependencies) = postProject
		{067D0D15-F943-4049-B629-DC4E26ADB5EC} = {067D0D15-F943-4049-B629-DC4E26ADB5EC}
	EndProjectSection
EndProject
Project("{8BC9CEB8-8B4A-11D0-8D11-00A0C91BC942}") = "testmaster", "tests\testmaster.vcproj", "{47F95B5B-CB2C-43E3-B671-BDA26C3D6CEA}"
	ProjectSection(ProjectDependencies) = postProject
		{067D0D15-F943-4049-B629-DC4E26ADB5EC} = {067D0D15-F943-4049-B629-DC4E26ADB5EC}
	EndProjectSection
EndProject
Project("{8BC9CEB8-8B4A-11D0-8D11-00A0C91BC942}") = "testrender", "tests\testrender.vcproj", "{469CE225-4771-44AF-AD14-869F819DF192}"
	ProjectSection(ProjectDependencies) = postProject
		{067D0D15-F943-4049-B629-DC4E26ADB5EC} = {067D0D15-F943-4049-B629-DC4E26ADB5EC}
	EndProjectSection
EndProject
Project("{8BC9CEB8-8B4A-11D0-8D11-00A0C91BC942}") = "glcdemo", "examples\glcdemo.vcproj", "{50A16109-168D-4BDC-955B-9EEDE804BD83}"
	ProjectSection(ProjectDependencies) = postProject
		{067D0D15-F943-4049-B629-DC4E26ADB5EC} = {067D0D15-F943-4049-B629-DC4E26ADB5EC}
	EndProjectSection
EndProject
Project("{8BC9CEB8-8B4A-11D0-8D11-00A0C91BC942}") = "glclogo", "examples\glclogo.vcproj", "{556420AE-9988-4194-A3F8-F6B123961C68}"
	ProjectSection(ProjectDependencies) = postProject
		{067D0D15-F943-4049-B629-DC4E26ADB5EC} = {067D0D15-F943-4049-B629-DC4E26ADB5EC}
	EndProjectSection
EndProject
Project("{8BC9CEB8-8B4A-11D0-8D11-00A0C91BC942}") = "tutorial", "examples\tutorial.vcproj", "{E38A2BC7-3726-4E1B-9B14-27446A256686}"
	ProjectSection(ProjectDependencies) = postProject
		{067D0D15-F943-4049-B629-DC4E26ADB5EC} = {067D0D15-F943-4049-B629-DC4E26ADB5EC}
	EndProjectSection
EndProject
Project("{8BC9CEB8-8B4A-11D0-8D11-00A0C91BC942}") = "tutorial2", "examples\tutorial2.vcproj", "{5EB2886A-A906-4623-8AEA-6D4A7CEB020A}"
	ProjectSection(ProjectDependencies) = postProject
		{067D0D15-F943-4049-B629-DC4E26ADB5EC} = {067D0D15-F943-4049-B629-DC4E26ADB5EC}
	EndProjectSection
EndProject
Project("{8BC9CEB8-8B4A-11D0-8D11-00A0C91BC942}") = "unicode", "examples\unicode.vcproj", "{58AF340B-01BD-49FC-BE38-23280577696A}"
	ProjectSection(ProjectDependencies) = postProject
		{067D0D15-F943-4049-B629-DC4E26ADB5EC} = {067D0D15-F943-4049-B629-DC4E26ADB5EC}
	EndProjectSection
EndProject
Project("{8BC9CEB8-8B4A-11D0-8D11-00A0C91BC942}") = "demo", "examples\demo.vcproj", "{642F4443-50CB-468D-A05B-9A5BCAC798CD}"
	ProjectSection(ProjectDependencies) = postProject
		{067D0D15-F943-4049-B629-DC4E26ADB5EC} = {067D0D15-F943-4049-B629-DC4E26ADB5EC}
	EndProjectSection
EndProject
Project("{8BC9CEB8-8B4A-11D0-8D11-00A0C91BC942}") = "test8", "tests\test8.vcproj", "{5444B712-4E73-43CB-8B42-A650F70F5DB0}"
	ProjectSection(ProjectDependencies) = postProject
		{067D0D15-F943-4049-B629-DC4E26ADB5EC} = {067D0D15-F943-4049-B629-DC4E26ADB5EC}
	EndProjectSection
EndProject
Project("{8BC9CEB8-8B4A-11D0-8D11-00A0C91BC942}") = "test2", "tests\test2.vcproj", "{1C1999C2-D37A-4A52-9B6F-E54BF0C15B11}"
EndProject
Project("{8BC9CEB8-8B4A-11D0-8D11-00A0C91BC942}") = "test10", "tests\test10.vcproj", "{40CE30BF-012C-468D-BCB2-5C059E2C578A}"
EndProject
Project("{8BC9CEB8-8B4A-11D0-8D11-00A0C91BC942}") = "test9.1", "tests\test9.1.vcproj", "{21668BFA-D46F-4DA7-9D86-707B84F592C6}"
EndProject
Project("{8BC9CEB8-8B4A-11D0-8D11-00A0C91BC942}") = "test9.2", "tests\test9.2.vcproj", "{3326AB6B-DFF2-4C4A-B6E0-29BED185A9FB}"
EndProject
Project("{8BC9CEB8-8B4A-11D0-8D11-00A0C91BC942}") = "test9.3", "tests\test9.3.vcproj", "{C845C280-9E0C-44E7-9CF7-28813CD1A58D}"
EndProject
Project("{8BC9CEB8-8B4A-11D0-8D11-00A0C91BC942}") = "test9.4", "tests\test9.4.vcproj", "{615569E0-4AFE-48E6-B330-E3EBC772973E}"
EndProject
Project("{8BC9CEB8-8B4A-11D0-8D11-00A0C91BC942}") = "test9.5", "tests\test9.5.vcproj", "{C8B97D54-6450-49F1-AA7A-31FE51799AF8}"
EndProject
Project("{8BC9CEB8-8B4A-11D0-8D11-00A0C91BC942}") = "test9.6", "tests\test9.6.vcproj", "{AF95BDF3-89CB-4943-9F98-DF432ACB0113}"
EndProject
Project("{8BC9CEB8-8B4A-11D0-8D11-00A0C91BC942}") = "test9.7", "tests\test9.7.vcproj", "{28CEB552-4657-4B99-BABE-03E0CE02B5D5}"
EndProject
Project("{8BC9CEB8-8B4A-11D0-8D11-00A0C91BC942}") = "test9.8", "tests\test9.8.vcproj", "{01FED030-6715-454C-9953-F07299B5D5FE}"
EndProject
Project("{8BC9CEB8-8B4A-11D0-8D11-00A0C91BC942}") = "test11.1", "tests\test11.1.vcproj", "{775E474E-6BD9-4AB2-861B-8C647A2CC352}"
EndProject
Project("{8BC9CEB8-8B4A-11D0-8D11-00A0C91BC942}") = "test11.2", "tests\test11.2.vcproj", "{04985DC8-1C38-4FCC-8BED-B3B4C00A3026}"
EndProject
Project("{8BC9CEB8-8B4A-11D0-8D11-00A0C91BC942}") = "test11.3", "tests\test11.3.vcproj", "{5BCBDF1E-D197-45F6-92B1-C4DBE0F76990}"
EndProject
Project("{8BC9CEB8-8B4A-11D0-8D11-00A0C91BC942}") = "test11.4", "tests\test11.4.vcproj", "{12812C8A-0A00-4FE9-A82C-479AEA4C4A31}"
EndProject
Project("{8BC9CEB8-8B4A-11D0-8D11-00A0C91BC942}") = "test11.5", "tests\test11.5.vcproj", "{31409D14-E9DB-4EBF-97E5-20E0CC119E20}"
EndProject
Project("{8BC9CEB8-8B4A-11D0-8D11-00A0C91BC942}") = "test11.6", "tests\test11.6.vcproj", "{E72B1489-3986-4D51-A748-2F315C8258AA}"
EndProject
Project("{8BC9CEB8-8B4A-11D0-8D11-00A0C91BC942}") = "test11.7", "tests\test11.7.vcproj", "{2887913E-1A05-4734-BC15-17C318DA7FDD}"
EndProject
Project("{8BC9CEB8-8B4A-11D0-8D11-00A0C91BC942}") = "test12", "tests\test12.vcproj", "{D8FCC3AC-AAB0-4547-BE5F-A2833E769F09}"
EndProject
Project("{8BC9CEB8-8B4A-11D0-8D11-00A0C91BC942}") = "test13", "tests\test13.vcproj", "{023000D6-7034-44A4-A7E7-816E578E273F}"
EndProject
Project("{8BC9CEB8-8B4A-11D0-8D11-00A0C91BC942}") = "test14", "tests\test14.vcproj", "{50C01D28-352B-4922-8685-8E38174377AF}"
EndProject
Project("{8BC9CEB8-8B4A-11D0-8D11-00A0C91BC942}") = "test15", "tests\test15.vcproj", "{08854590-36CE-4C3C-98A8-3D09995FDCCA}"
EndProject
Project("{8BC9CEB8-8B4A-11D0-8D11-00A0C91BC942}") = "test16", "tests\test16.vcproj", "{8F69627B-D309-471E-8887-982200431998}"
EndProject
Project("{8BC9CEB8-8B4A-11D0-8D11-00A0C91BC942}") = "test17", "tests\test17.vcproj", "{16A205FE-525A-4A41-8C90-FC17BCC101C0}"
EndProject
Global
	GlobalSection(SolutionConfigurationPlatforms) = preSolution
		Debug|Win32 = Debug|Win32
		Release|Win32 = Release|Win32
	EndGlobalSection
	GlobalSection(ProjectConfigurationPlatforms) = postSolution
		{067D0D15-F943-4049-B629-DC4E26ADB5EC}.Debug|Win32.ActiveCfg = Debug|Win32
		{067D0D15-F943-4049-B629-DC4E26ADB5EC}.Debug|Win32.Build.0 = Debug|Win32
		{067D0D15-F943-4049-B629-DC4E26ADB5EC}.Release|Win32.ActiveCfg = Release|Win32
		{067D0D15-F943-4049-B629-DC4E26ADB5EC}.Release|Win32.Build.0 = Release|Win32
		{A1A2C05B-B7C8-4BC4-A7A5-CBC6012E459F}.Debug|Win32.ActiveCfg = Debug|Win32
		{A1A2C05B-B7C8-4BC4-A7A5-CBC6012E459F}.Debug|Win32.Build.0 = Debug|Win32
		{A1A2C05B-B7C8-4BC4-A7A5-CBC6012E459F}.Release|Win32.ActiveCfg = Release|Win32
		{A1A2C05B-B7C8-4BC4-A7A5-CBC6012E459F}.Release|Win32.Build.0 = Release|Win32
		{E638F67A-FBD5-4519-828F-1F881E1BA22D}.Debug|Win32.ActiveCfg = Debug|Win32
		{E638F67A-FBD5-4519-828F-1F881E1BA22D}.Debug|Win32.Build.0 = Debug|Win32
		{E638F67A-FBD5-4519-828F-1F881E1BA22D}.Release|Win32.ActiveCfg = Release|Win32
		{E638F67A-FBD5-4519-828F-1F881E1BA22D}.Release|Win32.Build.0 = Release|Win32
		{FD4EC8F5-8B3F-42A7-9656-0024BBF616B8}.Debug|Win32.ActiveCfg = Debug|Win32
		{FD4EC8F5-8B3F-42A7-9656-0024BBF616B8}.Debug|Win32.Build.0 = Debug|Win32
		{FD4EC8F5-8B3F-42A7-9656-0024BBF616B8}.Release|Win32.ActiveCfg = Release|Win32
		{FD4EC8F5-8B3F-42A7-9656-0024BBF616B8}.Release|Win32.Build.0 = Release|Win32
		{5E777AB4-A1E8-40E4-A392-E25D4E13F076}.Debug|Win32.ActiveCfg = Debug|Win32
		{5E777AB4-A1E8-40E4-A392-E25D4E13F076}.Debug|Win32.Build.0 = Debug|Win32
		{5E777AB4-A1E8-40E4-A392-E25D4E13F076}.Release|Win32.ActiveCfg = Release|Win32
		{5E777AB4-A1E8-40E4-A392-E25D4E13F076}.Release|Win32.Build.0 = Release|Win32
		{DB149600-EACF-4BD3-B733-E44CA9CA1407}.Debug|Win32.ActiveCfg = Debug|Win32
		{DB149600-EACF-4BD3-B733-E44CA9CA1407}.Debug|Win32.Build.0 = Debug|Win32
		{DB149600-EACF-4BD3-B733-E44CA9CA1407}.Release|Win32.ActiveCfg = Release|Win32
		{DB149600-EACF-4BD3-B733-E44CA9CA1407}.Release|Win32.Build.0 = Release|Win32
		{8CCB1084-E43C-486F-BE8F-6238D295DC30}.Debug|Win32.ActiveCfg = Debug|Win32
		{8CCB1084-E43C-486F-BE8F-6238D295DC30}.Debug|Win32.Build.0 = Debug|Win32
		{8CCB1084-E43C-486F-BE8F-6238D295DC30}.Release|Win32.ActiveCfg = Release|Win32
		{8CCB1084-E43C-486F-BE8F-6238D295DC30}.Release|Win32.Build.0 = Release|Win32
		{8A26DF46-FDDF-4335-88C2-4FC5FD6C83A2}.Debug|Win32.ActiveCfg = Debug|Win32
		{8A26DF46-FDDF-4335-88C2-4FC5FD6C83A2}.Debug|Win32.Build.0 = Debug|Win32
		{8A26DF46-FDDF-4335-88C2-4FC5FD6C83A2}.Release|Win32.ActiveCfg = Release|Win32
		{8A26DF46-FDDF-4335-88C2-4FC5FD6C83A2}.Release|Win32.Build.0 = Release|Win32
		{47F95B5B-CB2C-43E3-B671-BDA26C3D6CEA}.Debug|Win32.ActiveCfg = Debug|Win32
		{47F95B5B-CB2C-43E3-B671-BDA26C3D6CEA}.Debug|Win32.Build.0 = Debug|Win32
		{47F95B5B-CB2C-43E3-B671-BDA26C3D6CEA}.Release|Win32.ActiveCfg = Release|Win32
		{47F95B5B-CB2C-43E3-B671-BDA26C3D6CEA}.Release|Win32.Build.0 = Release|Win32
		{469CE225-4771-44AF-AD14-869F819DF192}.Debug|Win32.ActiveCfg = Debug|Win32
		{469CE225-4771-44AF-AD14-869F819DF192}.Debug|Win32.Build.0 = Debug|Win32
		{469CE225-4771-44AF-AD14-869F819DF192}.Release|Win32.ActiveCfg = Release|Win32
		{469CE225-4771-44AF-AD14-869F819DF192}.Release|Win32.Build.0 = Release|Win32
		{50A16109-168D-4BDC-955B-9EEDE804BD83}.Debug|Win32.ActiveCfg = Debug|Win32
		{50A16109-168D-4BDC-955B-9EEDE804BD83}.Debug|Win32.Build.0 = Debug|Win32
		{50A16109-168D-4BDC-955B-9EEDE804BD83}.Release|Win32.ActiveCfg = Release|Win32
		{50A16109-168D-4BDC-955B-9EEDE804BD83}.Release|Win32.Build.0 = Release|Win32
		{556420AE-9988-4194-A3F8-F6B123961C68}.Debug|Win32.ActiveCfg = Debug|Win32
		{556420AE-9988-4194-A3F8-F6B123961C68}.Debug|Win32.Build.0 = Debug|Win32
		{556420AE-9988-4194-A3F8-F6B123961C68}.Release|Win32.ActiveCfg = Release|Win32
		{556420AE-9988-4194-A3F8-F6B123961C68}.Release|Win32.Build.0 = Release|Win32
		{E38A2BC7-3726-4E1B-9B14-27446A256686}.Debug|Win32.ActiveCfg = Debug|Win32
		{E38A2BC7-3726-4E1B-9B14-27446A256686}.Debug|Win32.Build.0 = Debug|Win32
		{E38A2BC7-3726-4E1B-9B14-27446A256686}.Release|Win32.ActiveCfg = Release|Win32
		{E38A2BC7-3726-4E1B-9B14-27446A256686}.Release|Win32.Build.0 = Release|Win32
		{5EB2886A-A906-4623-8AEA-6D4A7CEB020A}.Debug|Win32.ActiveCfg = Debug|Win32
		{5EB2886A-A906-4623-8AEA-6D4A7CEB020A}.Debug|Win32.Build.0 = Debug|Win32
		{5EB2886A-A906-4623-8AEA-6D4A7CEB020A}.Release|Win32.ActiveCfg = Release|Win32
		{5EB2886A-A906-4623-8AEA-6D4A7CEB020A}.Release|Win32.Build.0 = Release|Win32
		{58AF340B-01BD-49FC-BE38-23280577696A}.Debug|Win32.ActiveCfg = Debug|Win32
		{58AF340B-01BD-49FC-BE38-23280577696A}.Debug|Win32.Build.0 = Debug|Win32
		{58AF340B-01BD-49FC-BE38-23280577696A}.Release|Win32.ActiveCfg = Release|Win32
		{58AF340B-01BD-49FC-BE38-23280577696A}.Release|Win32.Build.0 = Release|Win32
		{642F4443-50CB-468D-A05B-9A5BCAC798CD}.Debug|Win32.ActiveCfg = Debug|Win32
		{642F4443-50CB-468D-A05B-9A5BCAC798CD}.Debug|Win32.Build.0 = Debug|Win32
		{642F4443-50CB-468D-A05B-9A5BCAC798CD}.Release|Win32.ActiveCfg = Release|Win32
		{642F4443-50CB-468D-A05B-9A5BCAC798CD}.Release|Win32.Build.0 = Release|Win32
		{5444B712-4E73-43CB-8B42-A650F70F5DB0}.Debug|Win32.ActiveCfg = Debug|Win32
		{5444B712-4E73-43CB-8B42-A650F70F5DB0}.Debug|Win32.Build.0 = Debug|Win32
		{5444B712-4E73-43CB-8B42-A650F70F5DB0}.Release|Win32.ActiveCfg = Release|Win32
		{5444B712-4E73-43CB-8B42-A650F70F5DB0}.Release|Win32.Build.0 = Release|Win32
		{1C1999C2-D37A-4A52-9B6F-E54BF0C15B11}.Debug|Win32.ActiveCfg = Debug|Win32
		{1C1999C2-D37A-4A52-9B6F-E54BF0C15B11}.Release|Win32.ActiveCfg = Release|Win32
		{1C1999C2-D37A-4A52-9B6F-E54BF0C15B11}.Release|Win32.Build.0 = Release|Win32
		{40CE30BF-012C-468D-BCB2-5C059E2C578A}.Debug|Win32.ActiveCfg = Debug|Win32
		{40CE30BF-012C-468D-BCB2-5C059E2C578A}.Debug|Win32.Build.0 = Debug|Win32
		{40CE30BF-012C-468D-BCB2-5C059E2C578A}.Release|Win32.ActiveCfg = Release|Win32
		{40CE30BF-012C-468D-BCB2-5C059E2C578A}.Release|Win32.Build.0 = Release|Win32
		{21668BFA-D46F-4DA7-9D86-707B84F592C6}.Debug|Win32.ActiveCfg = Debug|Win32
		{21668BFA-D46F-4DA7-9D86-707B84F592C6}.Debug|Win32.Build.0 = Debug|Win32
		{21668BFA-D46F-4DA7-9D86-707B84F592C6}.Release|Win32.ActiveCfg = Release|Win32
		{21668BFA-D46F-4DA7-9D86-707B84F592C6}.Release|Win32.Build.0 = Release|Win32
		{3326AB6B-DFF2-4C4A-B6E0-29BED185A9FB}.Debug|Win32.ActiveCfg = Debug|Win32
		{3326AB6B-DFF2-4C4A-B6E0-29BED185A9FB}.Debug|Win32.Build.0 = Debug|Win32
		{3326AB6B-DFF2-4C4A-B6E0-29BED185A9FB}.Release|Win32.ActiveCfg = Release|Win32
		{3326AB6B-DFF2-4C4A-B6E0-29BED185A9FB}.Release|Win32.Build.0 = Release|Win32
		{C845C280-9E0C-44E7-9CF7-28813CD1A58D}.Debug|Win32.ActiveCfg = Debug|Win32
		{C845C280-9E0C-44E7-9CF7-28813CD1A58D}.Debug|Win32.Build.0 = Debug|Win32
		{C845C280-9E0C-44E7-9CF7-28813CD1A58D}.Release|Win32.ActiveCfg = Release|Win32
		{C845C280-9E0C-44E7-9CF7-28813CD1A58D}.Release|Win32.Build.0 = Release|Win32
		{615569E0-4AFE-48E6-B330-E3EBC772973E}.Debug|Win32.ActiveCfg = Debug|Win32
		{615569E0-4AFE-48E6-B330-E3EBC772973E}.Debug|Win32.Build.0 = Debug|Win32
		{615569E0-4AFE-48E6-B330-E3EBC772973E}.Release|Win32.ActiveCfg = Release|Win32
		{615569E0-4AFE-48E6-B330-E3EBC772973E}.Release|Win32.Build.0 = Release|Win32
		{C8B97D54-6450-49F1-AA7A-31FE51799AF8}.Debug|Win32.ActiveCfg = Debug|Win32
		{C8B97D54-6450-49F1-AA7A-31FE51799AF8}.Debug|Win32.Build.0 = Debug|Win32
		{C8B97D54-6450-49F1-AA7A-31FE51799AF8}.Release|Win32.ActiveCfg = Release|Win32
		{C8B97D54-6450-49F1-AA7A-31FE51799AF8}.Release|Win32.Build.0 = Release|Win32
		{AF95BDF3-89CB-4943-9F98-DF432ACB0113}.Debug|Win32.ActiveCfg = Debug|Win32
		{AF95BDF3-89CB-4943-9F98-DF432ACB0113}.Debug|Win32.Build.0 = Debug|Win32
		{AF95BDF3-89CB-4943-9F98-DF432ACB0113}.Release|Win32.ActiveCfg = Release|Win32
		{AF95BDF3-89CB-4943-9F98-DF432ACB0113}.Release|Win32.Build.0 = Release|Win32
		{28CEB552-4657-4B99-BABE-03E0CE02B5D5}.Debug|Win32.ActiveCfg = Debug|Win32
		{28CEB552-4657-4B99-BABE-03E0CE02B5D5}.Debug|Win32.Build.0 = Debug|Win32
		{28CEB552-4657-4B99-BABE-03E0CE02B5D5}.Release|Win32.ActiveCfg = Release|Win32
		{28CEB552-4657-4B99-BABE-03E0CE02B5D5}.Release|Win32.Build.0 = Release|Win32
		{01FED030-6715-454C-9953-F07299B5D5FE}.Debug|Win32.ActiveCfg = Debug|Win32
		{01FED030-6715-454C-9953-F07299B5D5FE}.Debug|Win32.Build.0 = Debug|Win32
		{01FED030-6715-454C-9953-F07299B5D5FE}.Release|Win32.ActiveCfg = Release|Win32
		{01FED030-6715-454C-9953-F07299B5D5FE}.Release|Win32.Build.0 = Release|Win32
		{775E474E-6BD9-4AB2-861B-8C647A2CC352}.Debug|Win32.ActiveCfg = Debug|Win32
		{775E474E-6BD9-4AB2-861B-8C647A2CC352}.Debug|Win32.Build.0 = Debug|Win32
		{775E474E-6BD9-4AB2-861B-8C647A2CC352}.Release|Win32.ActiveCfg = Release|Win32
		{775E474E-6BD9-4AB2-861B-8C647A2CC352}.Release|Win32.Build.0 = Release|Win32
		{04985DC8-1C38-4FCC-8BED-B3B4C00A3026}.Debug|Win32.ActiveCfg = Debug|Win32
		{04985DC8-1C38-4FCC-8BED-B3B4C00A3026}.Debug|Win32.Build.0 = Debug|Win32
		{04985DC8-1C38-4FCC-8BED-B3B4C00A3026}.Release|Win32.ActiveCfg = Release|Win32
		{04985DC8-1C38-4FCC-8BED-B3B4C00A3026}.Release|Win32.Build.0 = Release|Win32
		{5BCBDF1E-D197-45F6-92B1-C4DBE0F76990}.Debug|Win32.ActiveCfg = Debug|Win32
		{5BCBDF1E-D197-45F6-92B1-C4DBE0F76990}.Debug|Win32.Build.0 = Debug|Win32
		{5BCBDF1E-D197-45F6-92B1-C4DBE0F76990}.Release|Win32.ActiveCfg = Release|Win32
		{5BCBDF1E-D197-45F6-92B1-C4DBE0F76990}.Release|Win32.Build.0 = Release|Win32
		{12812C8A-0A00-4FE9-A82C-479AEA4C4A31}.Debug|Win32.ActiveCfg = Debug|Win32
		{12812C8A-0A00-4FE9-A82C-479AEA4C4A31}.Debug|Win32.Build.0 = Debug|Win32
		{12812C8A-0A00-4FE9-A82C-479AEA4C4A31}.Release|Win32.ActiveCfg = Release|Win32
		{12812C8A-0A00-4FE9-A82C-479AEA4C4A31}.Release|Win32.Build.0 = Release|Win32
		{31409D14-E9DB-4EBF-97E5-20E0CC119E20}.Debug|Win32.ActiveCfg = Debug|Win32
		{31409D14-E9DB-4EBF-97E5-20E0CC119E20}.Debug|Win32.Build.0 = Debug|Win32
		{31409D14-E9DB-4EBF-97E5-20E0CC119E20}.Release|Win32.ActiveCfg = Release|Win32
		{31409D14-E9DB-4EBF-97E5-20E0CC119E20}.Release|Win32.Build.0 = Release|Win32
		{E72B1489-3986-4D51-A748-2F315C8258AA}.Debug|Win32.ActiveCfg = Debug|Win32
		{E72B1489-3986-4D51-A748-2F315C8258AA}.Debug|Win32.Build.0 = Debug|Win32
		{E72B1489-3986-4D51-A748-2F315C8258AA}.Release|Win32.ActiveCfg = Release|Win32
		{E72B1489-3986-4D51-A748-2F315C8258AA}.Release|Win32.Build.0 = Release|Win32
		{2887913E-1A05-4734-BC15-17C318DA7FDD}.Debug|Win32.ActiveCfg = Debug|Win32
		{2887913E-1A05-4734-BC15-17C318DA7FDD}.Debug|Win32.Build.0 = Debug|Win32
		{2887913E-1A05-4734-BC15-17C318DA7FDD}.Release|Win32.ActiveCfg = Release|Win32
		{2887913E-1A05-4734-BC15-17C318DA7FDD}.Release|Win32.Build.0 = Release|Win32
		{D8FCC3AC-AAB0-4547-BE5F-A2833E769F09}.Debug|Win32.ActiveCfg = Debug|Win32
		{D8FCC3AC-AAB0-4547-BE5F-A2833E769F09}.Debug|Win32.Build.0 = Debug|Win32
		{D8FCC3AC-AAB0-4547-BE5F-A2833E769F09}.Release|Win32.ActiveCfg = Release|Win32
		{D8FCC3AC-AAB0-4547-BE5F-A2833E769F09}.Release|Win32.Build.0 = Release|Win32
		{023000D6-7034-44A4-A7E7-816E578E273F}.Debug|Win32.ActiveCfg = Debug|Win32
		{023000D6-7034-44A4-A7E7-816E578E273F}.Debug|Win32.Build.0 = Debug|Win32
		{023000D6-7034-44A4-A7E7-816E578E273F}.Release|Win32.ActiveCfg = Release|Win32
		{023000D6-7034-44A4-A7E7-816E578E273F}.Release|Win32.Build.0 = Release|Win32
		{50C01D28-352B-4922-8685-8E38174377AF}.Debug|Win32.ActiveCfg = Debug|Win32
		{50C01D28-352B-4922-8685-8E38174377AF}.Debug|Win32.Build.0 = Debug|Win32
		{50C01D28-352B-4922-8685-8E38174377AF}.Release|Win32.ActiveCfg = Release|Win32
		{50C01D28-352B-4922-8685-8E38174377AF}.Release|Win32.Build.0 = Release|Win32
		{08854590-36CE-4C3C-98A8-3D09995FDCCA}.Debug|Win32.ActiveCfg = Debug|Win32
		{08854590-36CE-4C3C-98A8-3D09995FDCCA}.Debug|Win32.Build.0 = Debug|Win32
		{08854590-36CE-4C3C-98A8-3D09995FDCCA}.Release|Win32.ActiveCfg = Release|Win32
		{08854590-36CE-4C3C-98A8-3D09995FDCCA}.Release|Win32.Build.0 = Release|Win32
		{8F69627B-D309-471E-8887-982200431998}.Debug|Win32.ActiveCfg = Debug|Win32
		{8F69627B-D309-471E-8887-982200431998}.Debug|Win32.Build.0 = Debug|Win32
		{8F69627B-D309-471E-8887-982200431998}.Release|Win32.ActiveCfg = Release|Win32
		{8F69627B-D309-471E-8887-982200431998}.Release|Win32.Build.0 = Release|Win32
		{16A205FE-525A-4A41-8C90-FC17BCC101C0}.Debug|Win32.ActiveCfg = Debug|Win32
		{16A205FE-525A-4A41-8C90-FC17BCC101C0}.Debug|Win32.Build.0 = Debug|Win32
		{16A205FE-525A-4A41-8C90-FC17BCC101C0}.Release|Win32.ActiveCfg = Release|Win32
		{16A205FE-525A-4A41-8C90-FC17BCC101C0}.Release|Win32.Build.0 = Release|Win32
	EndGlobalSection
	GlobalSection(SolutionProperties) = preSolution
		HideSolutionNode = FALSE
	EndGlobalSection
EndGlobal
